// !$*UTF8*$!
{
	archiveVersion = 1;
	classes = {
	};
	objectVersion = 77;
	objects = {

/* Begin PBXBuildFile section */
		4635EF012F7AB7710052FC19 /* FavoriteRepositoryProtocol.swift in Sources */ = {isa = PBXBuildFile; fileRef = 4635EEFF2F7AB70C0052FC19 /* FavoriteRepositoryProtocol.swift */; };
		4635EF022F7AB7750052FC19 /* PokemonRepositoryProtocol.swift in Sources */ = {isa = PBXBuildFile; fileRef = 4635EEFE2F7AB7020052FC19 /* PokemonRepositoryProtocol.swift */; };
		4635EF082F7AB77A0052FC19 /* PokemonDetailModel.swift in Sources */ = {isa = PBXBuildFile; fileRef = 4635EEF82F7AB3710052FC19 /* PokemonDetailModel.swift */; };
		4635EF092F7AB77A0052FC19 /* EvolutionStageModel.swift in Sources */ = {isa = PBXBuildFile; fileRef = 4635EEFB2F7AB38A0052FC19 /* EvolutionStageModel.swift */; };
		4635EF0A2F7AB77A0052FC19 /* FavoriteModel.swift in Sources */ = {isa = PBXBuildFile; fileRef = 4635EEFC2F7AB3910052FC19 /* FavoriteModel.swift */; };
		4635EF0B2F7AB77A0052FC19 /* AppError.swift in Sources */ = {isa = PBXBuildFile; fileRef = 4635EEFD2F7AB3980052FC19 /* AppError.swift */; };
		4635EF0C2F7AB77A0052FC19 /* PokemonSummaryModel.swift in Sources */ = {isa = PBXBuildFile; fileRef = 4635EEF72F7AB3690052FC19 /* PokemonSummaryModel.swift */; };
		4635EF0D2F7AB77A0052FC19 /* PokemonSpeciesModel.swift in Sources */ = {isa = PBXBuildFile; fileRef = 4635EEFA2F7AB3800052FC19 /* PokemonSpeciesModel.swift */; };
		4635EF0F2F7AB7970052FC19 /* GetPokemonListUseCase.swift in Sources */ = {isa = PBXBuildFile; fileRef = 4635EF0E2F7AB7970052FC19 /* GetPokemonListUseCase.swift */; };
		4635EF112F7AB79D0052FC19 /* GetPokemonDetailUseCase.swift in Sources */ = {isa = PBXBuildFile; fileRef = 4635EF102F7AB79D0052FC19 /* GetPokemonDetailUseCase.swift */; };
		4635EF132F7AB7A50052FC19 /* GetPokemonSpeciesUseCase.swift in Sources */ = {isa = PBXBuildFile; fileRef = 4635EF122F7AB7A50052FC19 /* GetPokemonSpeciesUseCase.swift */; };
		4635EF152F7AB7AB0052FC19 /* GetEvolutionChainUseCase.swift in Sources */ = {isa = PBXBuildFile; fileRef = 4635EF142F7AB7AB0052FC19 /* GetEvolutionChainUseCase.swift */; };
		4635EF172F7AB7B30052FC19 /* GetAbilityJapaneseNameUseCase.swift in Sources */ = {isa = PBXBuildFile; fileRef = 4635EF162F7AB7B30052FC19 /* GetAbilityJapaneseNameUseCase.swift */; };
		4635EF192F7AB7BC0052FC19 /* SearchPokemonUseCase.swift in Sources */ = {isa = PBXBuildFile; fileRef = 4635EF182F7AB7BB0052FC19 /* SearchPokemonUseCase.swift */; };
		4635EF1B2F7AB7C20052FC19 /* GetFavoritesUseCase.swift in Sources */ = {isa = PBXBuildFile; fileRef = 4635EF1A2F7AB7C10052FC19 /* GetFavoritesUseCase.swift */; };
		4635EF1D2F7AB7C80052FC19 /* GetIsFavoriteUseCase.swift in Sources */ = {isa = PBXBuildFile; fileRef = 4635EF1C2F7AB7C70052FC19 /* GetIsFavoriteUseCase.swift */; };
		4635EF1F2F7AB7CE0052FC19 /* ToggleFavoriteUseCase.swift in Sources */ = {isa = PBXBuildFile; fileRef = 4635EF1E2F7AB7CE0052FC19 /* ToggleFavoriteUseCase.swift */; };
		4635EF212F7AB8770052FC19 /* GetPokemonFullDetailUseCase.swift in Sources */ = {isa = PBXBuildFile; fileRef = 4635EF202F7AB8760052FC19 /* GetPokemonFullDetailUseCase.swift */; };
		4635EF232F7AB8810052FC19 /* PokemonFullDetailModel.swift in Sources */ = {isa = PBXBuildFile; fileRef = 4635EF222F7AB8810052FC19 /* PokemonFullDetailModel.swift */; };
		4635EF252F7AB8BD0052FC19 /* PokeAPIClient.swift in Sources */ = {isa = PBXBuildFile; fileRef = 4635EF242F7AB8BD0052FC19 /* PokeAPIClient.swift */; };
		4635EF2D2F7AB8FA0052FC19 /* PokemonListResponse.swift in Sources */ = {isa = PBXBuildFile; fileRef = 4635EF2C2F7AB8FA0052FC19 /* PokemonListResponse.swift */; };
		4635EF2F2F7AB9010052FC19 /* PokemonDetailResponse.swift in Sources */ = {isa = PBXBuildFile; fileRef = 4635EF2E2F7AB9000052FC19 /* PokemonDetailResponse.swift */; };
		4635EF312F7AB9070052FC19 /* PokemonSpeciesResponse.swift in Sources */ = {isa = PBXBuildFile; fileRef = 4635EF302F7AB9070052FC19 /* PokemonSpeciesResponse.swift */; };
		4635EF332F7AB90D0052FC19 /* EvolutionChainResponse.swift in Sources */ = {isa = PBXBuildFile; fileRef = 4635EF322F7AB90D0052FC19 /* EvolutionChainResponse.swift */; };
		4635EF352F7AB9130052FC19 /* AbilityResponse.swift in Sources */ = {isa = PBXBuildFile; fileRef = 4635EF342F7AB9130052FC19 /* AbilityResponse.swift */; };
		4635EF372F7AB96D0052FC19 /* PokemonDetailMapper.swift in Sources */ = {isa = PBXBuildFile; fileRef = 4635EF362F7AB96C0052FC19 /* PokemonDetailMapper.swift */; };
		4635EF392F7AB9730052FC19 /* PokemonSpeciesMapper.swift in Sources */ = {isa = PBXBuildFile; fileRef = 4635EF382F7AB9720052FC19 /* PokemonSpeciesMapper.swift */; };
		4635EF3B2F7AB9790052FC19 /* EvolutionChainMapper.swift in Sources */ = {isa = PBXBuildFile; fileRef = 4635EF3A2F7AB9780052FC19 /* EvolutionChainMapper.swift */; };
		4635EF3D2F7AB97F0052FC19 /* AbilityMapper.swift in Sources */ = {isa = PBXBuildFile; fileRef = 4635EF3C2F7AB97E0052FC19 /* AbilityMapper.swift */; };
		4635EF3F2F7AB9850052FC19 /* FavoriteMapper.swift in Sources */ = {isa = PBXBuildFile; fileRef = 4635EF3E2F7AB9850052FC19 /* FavoriteMapper.swift */; };
		4635EF412F7AB98C0052FC19 /* PokemonRepositoryImpl.swift in Sources */ = {isa = PBXBuildFile; fileRef = 4635EF402F7AB98C0052FC19 /* PokemonRepositoryImpl.swift */; };
		4635EF432F7AB9920052FC19 /* FavoriteRepositoryImpl.swift in Sources */ = {isa = PBXBuildFile; fileRef = 4635EF422F7AB9910052FC19 /* FavoriteRepositoryImpl.swift */; };
		4635EF452F7AB9990052FC19 /* CacheConfig.swift in Sources */ = {isa = PBXBuildFile; fileRef = 4635EF442F7AB9990052FC19 /* CacheConfig.swift */; };
		4635EF472F7AB9A00052FC19 /* CoreDataStack.swift in Sources */ = {isa = PBXBuildFile; fileRef = 4635EF462F7AB99F0052FC19 /* CoreDataStack.swift */; };
		4635EF492F7AB9A60052FC19 /* FavoriteCoreDataStore.swift in Sources */ = {isa = PBXBuildFile; fileRef = 4635EF482F7AB9A60052FC19 /* FavoriteCoreDataStore.swift */; };
		4635EF5C2F7ABACD0052FC19 /* LoadingIndicator.swift in Sources */ = {isa = PBXBuildFile; fileRef = 4635EF532F7ABA9C0052FC19 /* LoadingIndicator.swift */; };
		4635EF5D2F7ABACD0052FC19 /* PokemonImage.swift in Sources */ = {isa = PBXBuildFile; fileRef = 4635EF4D2F7ABA6D0052FC19 /* PokemonImage.swift */; };
		4635EF5E2F7ABACD0052FC19 /* EmptyContent.swift in Sources */ = {isa = PBXBuildFile; fileRef = 4635EF582F7ABAB40052FC19 /* EmptyContent.swift */; };
		4635EF5F2F7ABACD0052FC19 /* PokemonGrid.swift in Sources */ = {isa = PBXBuildFile; fileRef = 4635EF4F2F7ABA8F0052FC19 /* PokemonGrid.swift */; };
		4635EF602F7ABACD0052FC19 /* SearchTextField.swift in Sources */ = {isa = PBXBuildFile; fileRef = 4635EF512F7ABA960052FC19 /* SearchTextField.swift */; };
		4635EF612F7ABACD0052FC19 /* PokemonCard.swift in Sources */ = {isa = PBXBuildFile; fileRef = 4635EF4C2F7ABA6D0052FC19 /* PokemonCard.swift */; };
		4635EF622F7ABACD0052FC19 /* ErrorContent.swift in Sources */ = {isa = PBXBuildFile; fileRef = 4635EF552F7ABAA20052FC19 /* ErrorContent.swift */; };
		4635EF632F7ABACD0052FC19 /* UiState.swift in Sources */ = {isa = PBXBuildFile; fileRef = 4635EF4A2F7ABA580052FC19 /* UiState.swift */; };
		4635EF662F7ABBB80052FC19 /* iOS_Sample_MVVM.xcdatamodeld in Sources */ = {isa = PBXBuildFile; fileRef = 4635EF642F7ABBB80052FC19 /* iOS_Sample_MVVM.xcdatamodeld */; };
		4635EF672F7ABBB80052FC19 /* iOS_Sample_MVVM.xcdatamodeld in Sources */ = {isa = PBXBuildFile; fileRef = 4635EF642F7ABBB80052FC19 /* iOS_Sample_MVVM.xcdatamodeld */; };
		4635EF722F7ABD1D0052FC19 /* FavoritesViewModel.swift in Sources */ = {isa = PBXBuildFile; fileRef = 4635EF712F7ABCFD0052FC19 /* FavoritesViewModel.swift */; };
		4635EF732F7ABD1D0052FC19 /* FavoritesView.swift in Sources */ = {isa = PBXBuildFile; fileRef = 4635EF702F7ABCF70052FC19 /* FavoritesView.swift */; };
		4635EF742F7ABD220052FC19 /* SearchViewModel.swift in Sources */ = {isa = PBXBuildFile; fileRef = 4635EF6F2F7ABCF00052FC19 /* SearchViewModel.swift */; };
		4635EF752F7ABD220052FC19 /* SearchView.swift in Sources */ = {isa = PBXBuildFile; fileRef = 4635EF6E2F7ABCEA0052FC19 /* SearchView.swift */; };
		4635EF762F7ABD270052FC19 /* PokemonDetailView.swift in Sources */ = {isa = PBXBuildFile; fileRef = 4635EF6A2F7ABCCE0052FC19 /* PokemonDetailView.swift */; };
		4635EF772F7ABD270052FC19 /* PokemonDetailViewModel.swift in Sources */ = {isa = PBXBuildFile; fileRef = 4635EF6B2F7ABCD50052FC19 /* PokemonDetailViewModel.swift */; };
		4635EF782F7ABD2C0052FC19 /* PokemonInfoSheet.swift in Sources */ = {isa = PBXBuildFile; fileRef = 4635EF6D2F7ABCE30052FC19 /* PokemonInfoSheet.swift */; };
		4635EF792F7ABD2C0052FC19 /* EvolutionChainView.swift in Sources */ = {isa = PBXBuildFile; fileRef = 4635EF6C2F7ABCDC0052FC19 /* EvolutionChainView.swift */; };
		4635EF7A2F7ABD300052FC19 /* PokemonListView.swift in Sources */ = {isa = PBXBuildFile; fileRef = 4635EF682F7ABCC10052FC19 /* PokemonListView.swift */; };
		4635EF7B2F7ABD300052FC19 /* PokemonListViewModel.swift in Sources */ = {isa = PBXBuildFile; fileRef = 4635EF692F7ABCC80052FC19 /* PokemonListViewModel.swift */; };
		4635EF7E2F7ABE180052FC19 /* ContentView.swift in Sources */ = {isa = PBXBuildFile; fileRef = 4635EF7D2F7ABDE50052FC19 /* ContentView.swift */; };
		4635EF7F2F7ABE180052FC19 /* DependencyContainer.swift in Sources */ = {isa = PBXBuildFile; fileRef = 4635EF7C2F7ABDDB0052FC19 /* DependencyContainer.swift */; };
		4635EF812F7ABE3E0052FC19 /* iOS_Sample_MVVMApp.swift in Sources */ = {isa = PBXBuildFile; fileRef = 4635EF802F7ABE3B0052FC19 /* iOS_Sample_MVVMApp.swift */; };
		4635EFB62F7AC6A50052FC19 /* RepositoryHandler.swift in Sources */ = {isa = PBXBuildFile; fileRef = 4635EFB52F7AC6A40052FC19 /* RepositoryHandler.swift */; };
		4635EFB92F7AC8140052FC19 /* LoadAsUiState.swift in Sources */ = {isa = PBXBuildFile; fileRef = 4635EFB82F7AC8140052FC19 /* LoadAsUiState.swift */; };
		4635EFBB2F7AC8C60052FC19 /* Strings.swift in Sources */ = {isa = PBXBuildFile; fileRef = 4635EFBA2F7AC8C60052FC19 /* Strings.swift */; };
		4635EFBD2F7AC99C0052FC19 /* ErrorDialog.swift in Sources */ = {isa = PBXBuildFile; fileRef = 4635EFBC2F7AC99B0052FC19 /* ErrorDialog.swift */; };
		4635EFBF2F7AC9D40052FC19 /* UiStateContent.swift in Sources */ = {isa = PBXBuildFile; fileRef = 4635EFBE2F7AC9D30052FC19 /* UiStateContent.swift */; };
		4635EFC12F7ACA1B0052FC19 /* PokemonTextComponents.swift in Sources */ = {isa = PBXBuildFile; fileRef = 4635EFC02F7ACA1B0052FC19 /* PokemonTextComponents.swift */; };
		4635EFC32F7ACA220052FC19 /* AppIconButton.swift in Sources */ = {isa = PBXBuildFile; fileRef = 4635EFC22F7ACA220052FC19 /* AppIconButton.swift */; };
		4635EFCB2F7ACB750052FC19 /* PokemonNameMapper.swift in Sources */ = {isa = PBXBuildFile; fileRef = 4635EFCA2F7ACB740052FC19 /* PokemonNameMapper.swift */; };
		4635EFD02F7ACBDE0052FC19 /* AppLogger.swift in Sources */ = {isa = PBXBuildFile; fileRef = 4635EFCF2F7ACBDE0052FC19 /* AppLogger.swift */; };
		4635EFD32F7ACC400052FC19 /* MockAPIClient.swift in Sources */ = {isa = PBXBuildFile; fileRef = 4635EFD22F7ACC3F0052FC19 /* MockAPIClient.swift */; };
		4635EFD52F7ACC460052FC19 /* MockScenario.swift in Sources */ = {isa = PBXBuildFile; fileRef = 4635EFD42F7ACC450052FC19 /* MockScenario.swift */; };
		4635EFD72F7ACC4D0052FC19 /* MockScenarioSelector.swift in Sources */ = {isa = PBXBuildFile; fileRef = 4635EFD62F7ACC4C0052FC19 /* MockScenarioSelector.swift */; };
/* End PBXBuildFile section */

/* Begin PBXContainerItemProxy section */
		4635EEC12F7AAC4F0052FC19 /* PBXContainerItemProxy */ = {
			isa = PBXContainerItemProxy;
			containerPortal = 4635EEA62F7AAC4E0052FC19 /* Project object */;
			proxyType = 1;
			remoteGlobalIDString = 4635EEAD2F7AAC4E0052FC19;
			remoteInfo = "iOS-Sample-MVVM";
		};
/* End PBXContainerItemProxy section */

/* Begin PBXFileReference section */
		4635EEAE2F7AAC4E0052FC19 /* iOS-Sample-MVVM.app */ = {isa = PBXFileReference; explicitFileType = wrapper.application; includeInIndex = 0; path = "iOS-Sample-MVVM.app"; sourceTree = BUILT_PRODUCTS_DIR; };
		4635EEC02F7AAC4F0052FC19 /* iOS-Sample-MVVMTests.xctest */ = {isa = PBXFileReference; explicitFileType = wrapper.cfbundle; includeInIndex = 0; path = "iOS-Sample-MVVMTests.xctest"; sourceTree = BUILT_PRODUCTS_DIR; };
		4635EEF72F7AB3690052FC19 /* PokemonSummaryModel.swift */ = {isa = PBXFileReference; lastKnownFileType = sourcecode.swift; path = PokemonSummaryModel.swift; sourceTree = "<group>"; };
		4635EEF82F7AB3710052FC19 /* PokemonDetailModel.swift */ = {isa = PBXFileReference; lastKnownFileType = sourcecode.swift; path = PokemonDetailModel.swift; sourceTree = "<group>"; };
		4635EEFA2F7AB3800052FC19 /* PokemonSpeciesModel.swift */ = {isa = PBXFileReference; lastKnownFileType = sourcecode.swift; path = PokemonSpeciesModel.swift; sourceTree = "<group>"; };
		4635EEFB2F7AB38A0052FC19 /* EvolutionStageModel.swift */ = {isa = PBXFileReference; lastKnownFileType = sourcecode.swift; path = EvolutionStageModel.swift; sourceTree = "<group>"; };
		4635EEFC2F7AB3910052FC19 /* FavoriteModel.swift */ = {isa = PBXFileReference; lastKnownFileType = sourcecode.swift; path = FavoriteModel.swift; sourceTree = "<group>"; };
		4635EEFD2F7AB3980052FC19 /* AppError.swift */ = {isa = PBXFileReference; lastKnownFileType = sourcecode.swift; path = AppError.swift; sourceTree = "<group>"; };
		4635EEFE2F7AB7020052FC19 /* PokemonRepositoryProtocol.swift */ = {isa = PBXFileReference; lastKnownFileType = sourcecode.swift; path = PokemonRepositoryProtocol.swift; sourceTree = "<group>"; };
		4635EEFF2F7AB70C0052FC19 /* FavoriteRepositoryProtocol.swift */ = {isa = PBXFileReference; lastKnownFileType = sourcecode.swift; path = FavoriteRepositoryProtocol.swift; sourceTree = "<group>"; };
		4635EF0E2F7AB7970052FC19 /* GetPokemonListUseCase.swift */ = {isa = PBXFileReference; lastKnownFileType = sourcecode.swift; path = GetPokemonListUseCase.swift; sourceTree = "<group>"; };
		4635EF102F7AB79D0052FC19 /* GetPokemonDetailUseCase.swift */ = {isa = PBXFileReference; lastKnownFileType = sourcecode.swift; path = GetPokemonDetailUseCase.swift; sourceTree = "<group>"; };
		4635EF122F7AB7A50052FC19 /* GetPokemonSpeciesUseCase.swift */ = {isa = PBXFileReference; lastKnownFileType = sourcecode.swift; path = GetPokemonSpeciesUseCase.swift; sourceTree = "<group>"; };
		4635EF142F7AB7AB0052FC19 /* GetEvolutionChainUseCase.swift */ = {isa = PBXFileReference; lastKnownFileType = sourcecode.swift; path = GetEvolutionChainUseCase.swift; sourceTree = "<group>"; };
		4635EF162F7AB7B30052FC19 /* GetAbilityJapaneseNameUseCase.swift */ = {isa = PBXFileReference; lastKnownFileType = sourcecode.swift; path = GetAbilityJapaneseNameUseCase.swift; sourceTree = "<group>"; };
		4635EF182F7AB7BB0052FC19 /* SearchPokemonUseCase.swift */ = {isa = PBXFileReference; lastKnownFileType = sourcecode.swift; path = SearchPokemonUseCase.swift; sourceTree = "<group>"; };
		4635EF1A2F7AB7C10052FC19 /* GetFavoritesUseCase.swift */ = {isa = PBXFileReference; lastKnownFileType = sourcecode.swift; path = GetFavoritesUseCase.swift; sourceTree = "<group>"; };
		4635EF1C2F7AB7C70052FC19 /* GetIsFavoriteUseCase.swift */ = {isa = PBXFileReference; lastKnownFileType = sourcecode.swift; path = GetIsFavoriteUseCase.swift; sourceTree = "<group>"; };
		4635EF1E2F7AB7CE0052FC19 /* ToggleFavoriteUseCase.swift */ = {isa = PBXFileReference; lastKnownFileType = sourcecode.swift; path = ToggleFavoriteUseCase.swift; sourceTree = "<group>"; };
		4635EF202F7AB8760052FC19 /* GetPokemonFullDetailUseCase.swift */ = {isa = PBXFileReference; lastKnownFileType = sourcecode.swift; path = GetPokemonFullDetailUseCase.swift; sourceTree = "<group>"; };
		4635EF222F7AB8810052FC19 /* PokemonFullDetailModel.swift */ = {isa = PBXFileReference; lastKnownFileType = sourcecode.swift; path = PokemonFullDetailModel.swift; sourceTree = "<group>"; };
		4635EF242F7AB8BD0052FC19 /* PokeAPIClient.swift */ = {isa = PBXFileReference; lastKnownFileType = sourcecode.swift; path = PokeAPIClient.swift; sourceTree = "<group>"; };
		4635EF2C2F7AB8FA0052FC19 /* PokemonListResponse.swift */ = {isa = PBXFileReference; lastKnownFileType = sourcecode.swift; path = PokemonListResponse.swift; sourceTree = "<group>"; };
		4635EF2E2F7AB9000052FC19 /* PokemonDetailResponse.swift */ = {isa = PBXFileReference; lastKnownFileType = sourcecode.swift; path = PokemonDetailResponse.swift; sourceTree = "<group>"; };
		4635EF302F7AB9070052FC19 /* PokemonSpeciesResponse.swift */ = {isa = PBXFileReference; lastKnownFileType = sourcecode.swift; path = PokemonSpeciesResponse.swift; sourceTree = "<group>"; };
		4635EF322F7AB90D0052FC19 /* EvolutionChainResponse.swift */ = {isa = PBXFileReference; lastKnownFileType = sourcecode.swift; path = EvolutionChainResponse.swift; sourceTree = "<group>"; };
		4635EF342F7AB9130052FC19 /* AbilityResponse.swift */ = {isa = PBXFileReference; lastKnownFileType = sourcecode.swift; path = AbilityResponse.swift; sourceTree = "<group>"; };
		4635EF362F7AB96C0052FC19 /* PokemonDetailMapper.swift */ = {isa = PBXFileReference; lastKnownFileType = sourcecode.swift; path = PokemonDetailMapper.swift; sourceTree = "<group>"; };
		4635EF382F7AB9720052FC19 /* PokemonSpeciesMapper.swift */ = {isa = PBXFileReference; lastKnownFileType = sourcecode.swift; path = PokemonSpeciesMapper.swift; sourceTree = "<group>"; };
		4635EF3A2F7AB9780052FC19 /* EvolutionChainMapper.swift */ = {isa = PBXFileReference; lastKnownFileType = sourcecode.swift; path = EvolutionChainMapper.swift; sourceTree = "<group>"; };
		4635EF3C2F7AB97E0052FC19 /* AbilityMapper.swift */ = {isa = PBXFileReference; lastKnownFileType = sourcecode.swift; path = AbilityMapper.swift; sourceTree = "<group>"; };
		4635EF3E2F7AB9850052FC19 /* FavoriteMapper.swift */ = {isa = PBXFileReference; lastKnownFileType = sourcecode.swift; path = FavoriteMapper.swift; sourceTree = "<group>"; };
		4635EF402F7AB98C0052FC19 /* PokemonRepositoryImpl.swift */ = {isa = PBXFileReference; lastKnownFileType = sourcecode.swift; path = PokemonRepositoryImpl.swift; sourceTree = "<group>"; };
		4635EF422F7AB9910052FC19 /* FavoriteRepositoryImpl.swift */ = {isa = PBXFileReference; lastKnownFileType = sourcecode.swift; path = FavoriteRepositoryImpl.swift; sourceTree = "<group>"; };
		4635EF442F7AB9990052FC19 /* CacheConfig.swift */ = {isa = PBXFileReference; lastKnownFileType = sourcecode.swift; path = CacheConfig.swift; sourceTree = "<group>"; };
		4635EF462F7AB99F0052FC19 /* CoreDataStack.swift */ = {isa = PBXFileReference; lastKnownFileType = sourcecode.swift; path = CoreDataStack.swift; sourceTree = "<group>"; };
		4635EF482F7AB9A60052FC19 /* FavoriteCoreDataStore.swift */ = {isa = PBXFileReference; lastKnownFileType = sourcecode.swift; path = FavoriteCoreDataStore.swift; sourceTree = "<group>"; };
		4635EF4A2F7ABA580052FC19 /* UiState.swift */ = {isa = PBXFileReference; lastKnownFileType = sourcecode.swift; path = UiState.swift; sourceTree = "<group>"; };
		4635EF4C2F7ABA6D0052FC19 /* PokemonCard.swift */ = {isa = PBXFileReference; lastKnownFileType = sourcecode.swift; path = PokemonCard.swift; sourceTree = "<group>"; };
		4635EF4D2F7ABA6D0052FC19 /* PokemonImage.swift */ = {isa = PBXFileReference; lastKnownFileType = sourcecode.swift; path = PokemonImage.swift; sourceTree = "<group>"; };
		4635EF4F2F7ABA8F0052FC19 /* PokemonGrid.swift */ = {isa = PBXFileReference; lastKnownFileType = sourcecode.swift; path = PokemonGrid.swift; sourceTree = "<group>"; };
		4635EF512F7ABA960052FC19 /* SearchTextField.swift */ = {isa = PBXFileReference; lastKnownFileType = sourcecode.swift; path = SearchTextField.swift; sourceTree = "<group>"; };
		4635EF532F7ABA9C0052FC19 /* LoadingIndicator.swift */ = {isa = PBXFileReference; lastKnownFileType = sourcecode.swift; path = LoadingIndicator.swift; sourceTree = "<group>"; };
		4635EF552F7ABAA20052FC19 /* ErrorContent.swift */ = {isa = PBXFileReference; lastKnownFileType = sourcecode.swift; path = ErrorContent.swift; sourceTree = "<group>"; };
		4635EF582F7ABAB40052FC19 /* EmptyContent.swift */ = {isa = PBXFileReference; lastKnownFileType = sourcecode.swift; path = EmptyContent.swift; sourceTree = "<group>"; };
		4635EF652F7ABBB80052FC19 /* iOS_Sample_MVVM.xcdatamodel */ = {isa = PBXFileReference; lastKnownFileType = wrapper.xcdatamodel; path = iOS_Sample_MVVM.xcdatamodel; sourceTree = "<group>"; };
		4635EF682F7ABCC10052FC19 /* PokemonListView.swift */ = {isa = PBXFileReference; lastKnownFileType = sourcecode.swift; path = PokemonListView.swift; sourceTree = "<group>"; };
		4635EF692F7ABCC80052FC19 /* PokemonListViewModel.swift */ = {isa = PBXFileReference; lastKnownFileType = sourcecode.swift; path = PokemonListViewModel.swift; sourceTree = "<group>"; };
		4635EF6A2F7ABCCE0052FC19 /* PokemonDetailView.swift */ = {isa = PBXFileReference; lastKnownFileType = sourcecode.swift; path = PokemonDetailView.swift; sourceTree = "<group>"; };
		4635EF6B2F7ABCD50052FC19 /* PokemonDetailViewModel.swift */ = {isa = PBXFileReference; lastKnownFileType = sourcecode.swift; path = PokemonDetailViewModel.swift; sourceTree = "<group>"; };
		4635EF6C2F7ABCDC0052FC19 /* EvolutionChainView.swift */ = {isa = PBXFileReference; lastKnownFileType = sourcecode.swift; path = EvolutionChainView.swift; sourceTree = "<group>"; };
		4635EF6D2F7ABCE30052FC19 /* PokemonInfoSheet.swift */ = {isa = PBXFileReference; lastKnownFileType = sourcecode.swift; path = PokemonInfoSheet.swift; sourceTree = "<group>"; };
		4635EF6E2F7ABCEA0052FC19 /* SearchView.swift */ = {isa = PBXFileReference; lastKnownFileType = sourcecode.swift; path = SearchView.swift; sourceTree = "<group>"; };
		4635EF6F2F7ABCF00052FC19 /* SearchViewModel.swift */ = {isa = PBXFileReference; lastKnownFileType = sourcecode.swift; path = SearchViewModel.swift; sourceTree = "<group>"; };
		4635EF702F7ABCF70052FC19 /* FavoritesView.swift */ = {isa = PBXFileReference; lastKnownFileType = sourcecode.swift; path = FavoritesView.swift; sourceTree = "<group>"; };
		4635EF712F7ABCFD0052FC19 /* FavoritesViewModel.swift */ = {isa = PBXFileReference; lastKnownFileType = sourcecode.swift; path = FavoritesViewModel.swift; sourceTree = "<group>"; };
		4635EF7C2F7ABDDB0052FC19 /* DependencyContainer.swift */ = {isa = PBXFileReference; lastKnownFileType = sourcecode.swift; path = DependencyContainer.swift; sourceTree = "<group>"; };
		4635EF7D2F7ABDE50052FC19 /* ContentView.swift */ = {isa = PBXFileReference; lastKnownFileType = sourcecode.swift; path = ContentView.swift; sourceTree = "<group>"; };
		4635EF802F7ABE3B0052FC19 /* iOS_Sample_MVVMApp.swift */ = {isa = PBXFileReference; lastKnownFileType = sourcecode.swift; path = iOS_Sample_MVVMApp.swift; sourceTree = "<group>"; };
		4635EFB52F7AC6A40052FC19 /* RepositoryHandler.swift */ = {isa = PBXFileReference; lastKnownFileType = sourcecode.swift; path = RepositoryHandler.swift; sourceTree = "<group>"; };
		4635EFB82F7AC8140052FC19 /* LoadAsUiState.swift */ = {isa = PBXFileReference; lastKnownFileType = sourcecode.swift; path = LoadAsUiState.swift; sourceTree = "<group>"; };
		4635EFBA2F7AC8C60052FC19 /* Strings.swift */ = {isa = PBXFileReference; lastKnownFileType = sourcecode.swift; path = Strings.swift; sourceTree = "<group>"; };
		4635EFBC2F7AC99B0052FC19 /* ErrorDialog.swift */ = {isa = PBXFileReference; lastKnownFileType = sourcecode.swift; path = ErrorDialog.swift; sourceTree = "<group>"; };
		4635EFBE2F7AC9D30052FC19 /* UiStateContent.swift */ = {isa = PBXFileReference; lastKnownFileType = sourcecode.swift; path = UiStateContent.swift; sourceTree = "<group>"; };
		4635EFC02F7ACA1B0052FC19 /* PokemonTextComponents.swift */ = {isa = PBXFileReference; lastKnownFileType = sourcecode.swift; path = PokemonTextComponents.swift; sourceTree = "<group>"; };
		4635EFC22F7ACA220052FC19 /* AppIconButton.swift */ = {isa = PBXFileReference; lastKnownFileType = sourcecode.swift; path = AppIconButton.swift; sourceTree = "<group>"; };
		4635EFCA2F7ACB740052FC19 /* PokemonNameMapper.swift */ = {isa = PBXFileReference; lastKnownFileType = sourcecode.swift; path = PokemonNameMapper.swift; sourceTree = "<group>"; };
		4635EFCF2F7ACBDE0052FC19 /* AppLogger.swift */ = {isa = PBXFileReference; lastKnownFileType = sourcecode.swift; path = AppLogger.swift; sourceTree = "<group>"; };
		4635EFD22F7ACC3F0052FC19 /* MockAPIClient.swift */ = {isa = PBXFileReference; lastKnownFileType = sourcecode.swift; path = MockAPIClient.swift; sourceTree = "<group>"; };
		4635EFD42F7ACC450052FC19 /* MockScenario.swift */ = {isa = PBXFileReference; lastKnownFileType = sourcecode.swift; path = MockScenario.swift; sourceTree = "<group>"; };
		4635EFD62F7ACC4C0052FC19 /* MockScenarioSelector.swift */ = {isa = PBXFileReference; lastKnownFileType = sourcecode.swift; path = MockScenarioSelector.swift; sourceTree = "<group>"; };
/* End PBXFileReference section */

/* Begin PBXFileSystemSynchronizedRootGroup section */
		4635EEC32F7AAC4F0052FC19 /* iOS-Sample-MVVMTests */ = {
			isa = PBXFileSystemSynchronizedRootGroup;
			path = "iOS-Sample-MVVMTests";
			sourceTree = "<group>";
		};
/* End PBXFileSystemSynchronizedRootGroup section */

/* Begin PBXFrameworksBuildPhase section */
		4635EEAB2F7AAC4E0052FC19 /* Frameworks */ = {
			isa = PBXFrameworksBuildPhase;
			buildActionMask = 2147483647;
			files = (
			);
			runOnlyForDeploymentPostprocessing = 0;
		};
		4635EEBD2F7AAC4F0052FC19 /* Frameworks */ = {
			isa = PBXFrameworksBuildPhase;
			buildActionMask = 2147483647;
			files = (
			);
			runOnlyForDeploymentPostprocessing = 0;
		};
/* End PBXFrameworksBuildPhase section */

/* Begin PBXGroup section */
		4635EEA52F7AAC4E0052FC19 = {
			isa = PBXGroup;
			children = (
				4635EF642F7ABBB80052FC19 /* iOS_Sample_MVVM.xcdatamodeld */,
				4635EEDE2F7AB0F70052FC19 /* App */,
				4635EEE32F7AB1420052FC19 /* Core */,
				4635EEE22F7AB1300052FC19 /* Feature */,
				4635EEC32F7AAC4F0052FC19 /* iOS-Sample-MVVMTests */,
				4635EEAF2F7AAC4E0052FC19 /* Products */,
			);
			sourceTree = "<group>";
		};
		4635EEAF2F7AAC4E0052FC19 /* Products */ = {
			isa = PBXGroup;
			children = (
				4635EEAE2F7AAC4E0052FC19 /* iOS-Sample-MVVM.app */,
				4635EEC02F7AAC4F0052FC19 /* iOS-Sample-MVVMTests.xctest */,
			);
			name = Products;
			sourceTree = "<group>";
		};
		4635EEDE2F7AB0F70052FC19 /* App */ = {
			isa = PBXGroup;
			children = (
				4635EF802F7ABE3B0052FC19 /* iOS_Sample_MVVMApp.swift */,
				4635EF7D2F7ABDE50052FC19 /* ContentView.swift */,
				4635EF7C2F7ABDDB0052FC19 /* DependencyContainer.swift */,
			);
			path = App;
			sourceTree = "<group>";
		};
		4635EEE22F7AB1300052FC19 /* Feature */ = {
			isa = PBXGroup;
			children = (
				4635EEEA2F7AB1940052FC19 /* Favorites */,
				4635EEE92F7AB1800052FC19 /* Search */,
				4635EEE82F7AB1760052FC19 /* Detail */,
				4635EEE72F7AB16F0052FC19 /* List */,
			);
			path = Feature;
			sourceTree = "<group>";
		};
		4635EEE32F7AB1420052FC19 /* Core */ = {
			isa = PBXGroup;
			children = (
				4635EEE62F7AB1690052FC19 /* UI */,
				4635EEE52F7AB1630052FC19 /* Data */,
				4635EEE42F7AB15C0052FC19 /* Domain */,
			);
			path = Core;
			sourceTree = "<group>";
		};
		4635EEE42F7AB15C0052FC19 /* Domain */ = {
			isa = PBXGroup;
			children = (
				4635EEED2F7AB3160052FC19 /* UseCase */,
				4635EEEC2F7AB3100052FC19 /* Repository */,
				4635EEEB2F7AB3090052FC19 /* Model */,
			);
			path = Domain;
			sourceTree = "<group>";
		};
		4635EEE52F7AB1630052FC19 /* Data */ = {
			isa = PBXGroup;
			children = (
				4635EEF42F7AB34C0052FC19 /* Util */,
				4635EEF32F7AB3450052FC19 /* Repository */,
				4635EEF22F7AB33F0052FC19 /* Mapper */,
				4635EEF12F7AB3390052FC19 /* Local */,
				4635EEEE2F7AB31D0052FC19 /* API */,
			);
			path = Data;
			sourceTree = "<group>";
		};
		4635EEE62F7AB1690052FC19 /* UI */ = {
			isa = PBXGroup;
			children = (
				4635EFBA2F7AC8C60052FC19 /* Strings.swift */,
				4635EFB72F7AC80E0052FC19 /* Util */,
				4635EEF52F7AB3520052FC19 /* Component */,
			);
			path = UI;
			sourceTree = "<group>";
		};
		4635EEE72F7AB16F0052FC19 /* List */ = {
			isa = PBXGroup;
			children = (
				4635EF692F7ABCC80052FC19 /* PokemonListViewModel.swift */,
				4635EF682F7ABCC10052FC19 /* PokemonListView.swift */,
			);
			path = List;
			sourceTree = "<group>";
		};
		4635EEE82F7AB1760052FC19 /* Detail */ = {
			isa = PBXGroup;
			children = (
				4635EF6B2F7ABCD50052FC19 /* PokemonDetailViewModel.swift */,
				4635EF6A2F7ABCCE0052FC19 /* PokemonDetailView.swift */,
				4635EEF62F7AB35C0052FC19 /* View */,
			);
			path = Detail;
			sourceTree = "<group>";
		};
		4635EEE92F7AB1800052FC19 /* Search */ = {
			isa = PBXGroup;
			children = (
				4635EF6F2F7ABCF00052FC19 /* SearchViewModel.swift */,
				4635EF6E2F7ABCEA0052FC19 /* SearchView.swift */,
			);
			path = Search;
			sourceTree = "<group>";
		};
		4635EEEA2F7AB1940052FC19 /* Favorites */ = {
			isa = PBXGroup;
			children = (
				4635EF712F7ABCFD0052FC19 /* FavoritesViewModel.swift */,
				4635EF702F7ABCF70052FC19 /* FavoritesView.swift */,
			);
			path = Favorites;
			sourceTree = "<group>";
		};
		4635EEEB2F7AB3090052FC19 /* Model */ = {
			isa = PBXGroup;
			children = (
				4635EF222F7AB8810052FC19 /* PokemonFullDetailModel.swift */,
				4635EEFD2F7AB3980052FC19 /* AppError.swift */,
				4635EEFC2F7AB3910052FC19 /* FavoriteModel.swift */,
				4635EEFB2F7AB38A0052FC19 /* EvolutionStageModel.swift */,
				4635EEFA2F7AB3800052FC19 /* PokemonSpeciesModel.swift */,
				4635EEF82F7AB3710052FC19 /* PokemonDetailModel.swift */,
				4635EEF72F7AB3690052FC19 /* PokemonSummaryModel.swift */,
			);
			path = Model;
			sourceTree = "<group>";
		};
		4635EEEC2F7AB3100052FC19 /* Repository */ = {
			isa = PBXGroup;
			children = (
				4635EEFF2F7AB70C0052FC19 /* FavoriteRepositoryProtocol.swift */,
				4635EEFE2F7AB7020052FC19 /* PokemonRepositoryProtocol.swift */,
			);
			path = Repository;
			sourceTree = "<group>";
		};
		4635EEED2F7AB3160052FC19 /* UseCase */ = {
			isa = PBXGroup;
			children = (
				4635EF202F7AB8760052FC19 /* GetPokemonFullDetailUseCase.swift */,
				4635EF1E2F7AB7CE0052FC19 /* ToggleFavoriteUseCase.swift */,
				4635EF1C2F7AB7C70052FC19 /* GetIsFavoriteUseCase.swift */,
				4635EF1A2F7AB7C10052FC19 /* GetFavoritesUseCase.swift */,
				4635EF182F7AB7BB0052FC19 /* SearchPokemonUseCase.swift */,
				4635EF162F7AB7B30052FC19 /* GetAbilityJapaneseNameUseCase.swift */,
				4635EF142F7AB7AB0052FC19 /* GetEvolutionChainUseCase.swift */,
				4635EF122F7AB7A50052FC19 /* GetPokemonSpeciesUseCase.swift */,
				4635EF102F7AB79D0052FC19 /* GetPokemonDetailUseCase.swift */,
				4635EF0E2F7AB7970052FC19 /* GetPokemonListUseCase.swift */,
			);
			path = UseCase;
			sourceTree = "<group>";
		};
		4635EEEE2F7AB31D0052FC19 /* API */ = {
			isa = PBXGroup;
			children = (
				4635EFD12F7ACC350052FC19 /* Mock */,
				4635EF242F7AB8BD0052FC19 /* PokeAPIClient.swift */,
				4635EEF02F7AB3340052FC19 /* Response */,
			);
			path = API;
			sourceTree = "<group>";
		};
		4635EEF02F7AB3340052FC19 /* Response */ = {
			isa = PBXGroup;
			children = (
				4635EF342F7AB9130052FC19 /* AbilityResponse.swift */,
				4635EF322F7AB90D0052FC19 /* EvolutionChainResponse.swift */,
				4635EF302F7AB9070052FC19 /* PokemonSpeciesResponse.swift */,
				4635EF2E2F7AB9000052FC19 /* PokemonDetailResponse.swift */,
				4635EF2C2F7AB8FA0052FC19 /* PokemonListResponse.swift */,
			);
			path = Response;
			sourceTree = "<group>";
		};
		4635EEF12F7AB3390052FC19 /* Local */ = {
			isa = PBXGroup;
			children = (
				4635EF482F7AB9A60052FC19 /* FavoriteCoreDataStore.swift */,
				4635EF462F7AB99F0052FC19 /* CoreDataStack.swift */,
			);
			path = Local;
			sourceTree = "<group>";
		};
		4635EEF22F7AB33F0052FC19 /* Mapper */ = {
			isa = PBXGroup;
			children = (
				4635EFCA2F7ACB740052FC19 /* PokemonNameMapper.swift */,
				4635EF3E2F7AB9850052FC19 /* FavoriteMapper.swift */,
				4635EF3C2F7AB97E0052FC19 /* AbilityMapper.swift */,
				4635EF3A2F7AB9780052FC19 /* EvolutionChainMapper.swift */,
				4635EF382F7AB9720052FC19 /* PokemonSpeciesMapper.swift */,
				4635EF362F7AB96C0052FC19 /* PokemonDetailMapper.swift */,
			);
			path = Mapper;
			sourceTree = "<group>";
		};
		4635EEF32F7AB3450052FC19 /* Repository */ = {
			isa = PBXGroup;
			children = (
				4635EF422F7AB9910052FC19 /* FavoriteRepositoryImpl.swift */,
				4635EF402F7AB98C0052FC19 /* PokemonRepositoryImpl.swift */,
			);
			path = Repository;
			sourceTree = "<group>";
		};
		4635EEF42F7AB34C0052FC19 /* Util */ = {
			isa = PBXGroup;
			children = (
				4635EFCF2F7ACBDE0052FC19 /* AppLogger.swift */,
				4635EFB52F7AC6A40052FC19 /* RepositoryHandler.swift */,
				4635EF442F7AB9990052FC19 /* CacheConfig.swift */,
			);
			path = Util;
			sourceTree = "<group>";
		};
		4635EEF52F7AB3520052FC19 /* Component */ = {
			isa = PBXGroup;
			children = (
				4635EFC22F7ACA220052FC19 /* AppIconButton.swift */,
				4635EFC02F7ACA1B0052FC19 /* PokemonTextComponents.swift */,
				4635EFBE2F7AC9D30052FC19 /* UiStateContent.swift */,
				4635EFBC2F7AC99B0052FC19 /* ErrorDialog.swift */,
				4635EF582F7ABAB40052FC19 /* EmptyContent.swift */,
				4635EF552F7ABAA20052FC19 /* ErrorContent.swift */,
				4635EF532F7ABA9C0052FC19 /* LoadingIndicator.swift */,
				4635EF512F7ABA960052FC19 /* SearchTextField.swift */,
				4635EF4F2F7ABA8F0052FC19 /* PokemonGrid.swift */,
				4635EF4D2F7ABA6D0052FC19 /* PokemonImage.swift */,
				4635EF4C2F7ABA6D0052FC19 /* PokemonCard.swift */,
				4635EF4A2F7ABA580052FC19 /* UiState.swift */,
				4635EFD62F7ACC4C0052FC19 /* MockScenarioSelector.swift */,
			);
			path = Component;
			sourceTree = "<group>";
		};
		4635EEF62F7AB35C0052FC19 /* View */ = {
			isa = PBXGroup;
			children = (
				4635EF6D2F7ABCE30052FC19 /* PokemonInfoSheet.swift */,
				4635EF6C2F7ABCDC0052FC19 /* EvolutionChainView.swift */,
			);
			path = View;
			sourceTree = "<group>";
		};
		4635EFB72F7AC80E0052FC19 /* Util */ = {
			isa = PBXGroup;
			children = (
				4635EFB82F7AC8140052FC19 /* LoadAsUiState.swift */,
			);
			path = Util;
			sourceTree = "<group>";
		};
		4635EFD12F7ACC350052FC19 /* Mock */ = {
			isa = PBXGroup;
			children = (
				4635EFD42F7ACC450052FC19 /* MockScenario.swift */,
				4635EFD22F7ACC3F0052FC19 /* MockAPIClient.swift */,
			);
			path = Mock;
			sourceTree = "<group>";
		};
/* End PBXGroup section */

/* Begin PBXNativeTarget section */
		4635EEAD2F7AAC4E0052FC19 /* iOS-Sample-MVVM */ = {
			isa = PBXNativeTarget;
			buildConfigurationList = 4635EED42F7AAC4F0052FC19 /* Build configuration list for PBXNativeTarget "iOS-Sample-MVVM" */;
			buildPhases = (
				4635EFDB2F7AD1EF0052FC19 /* SwiftFormat & SwiftLint */,
				4635EEAA2F7AAC4E0052FC19 /* Sources */,
				4635EEAB2F7AAC4E0052FC19 /* Frameworks */,
				4635EEAC2F7AAC4E0052FC19 /* Resources */,
			);
			buildRules = (
			);
			dependencies = (
			);
			name = "iOS-Sample-MVVM";
			packageProductDependencies = (
			);
			productName = "iOS-Sample-MVVM";
			productReference = 4635EEAE2F7AAC4E0052FC19 /* iOS-Sample-MVVM.app */;
			productType = "com.apple.product-type.application";
		};
		4635EEBF2F7AAC4F0052FC19 /* iOS-Sample-MVVMTests */ = {
			isa = PBXNativeTarget;
			buildConfigurationList = 4635EED72F7AAC4F0052FC19 /* Build configuration list for PBXNativeTarget "iOS-Sample-MVVMTests" */;
			buildPhases = (
				4635EEBC2F7AAC4F0052FC19 /* Sources */,
				4635EEBD2F7AAC4F0052FC19 /* Frameworks */,
				4635EEBE2F7AAC4F0052FC19 /* Resources */,
			);
			buildRules = (
			);
			dependencies = (
				4635EEC22F7AAC4F0052FC19 /* PBXTargetDependency */,
			);
			fileSystemSynchronizedGroups = (
				4635EEC32F7AAC4F0052FC19 /* iOS-Sample-MVVMTests */,
			);
			name = "iOS-Sample-MVVMTests";
			packageProductDependencies = (
			);
			productName = "iOS-Sample-MVVMTests";
			productReference = 4635EEC02F7AAC4F0052FC19 /* iOS-Sample-MVVMTests.xctest */;
			productType = "com.apple.product-type.bundle.unit-test";
		};
/* End PBXNativeTarget section */

/* Begin PBXProject section */
		4635EEA62F7AAC4E0052FC19 /* Project object */ = {
			isa = PBXProject;
			attributes = {
				BuildIndependentTargetsInParallel = 1;
				LastSwiftUpdateCheck = 2610;
				LastUpgradeCheck = 2610;
				TargetAttributes = {
					4635EEAD2F7AAC4E0052FC19 = {
						CreatedOnToolsVersion = 26.1.1;
					};
					4635EEBF2F7AAC4F0052FC19 = {
						CreatedOnToolsVersion = 26.1.1;
						TestTargetID = 4635EEAD2F7AAC4E0052FC19;
					};
				};
			};
			buildConfigurationList = 4635EEA92F7AAC4E0052FC19 /* Build configuration list for PBXProject "iOS-Sample-MVVM" */;
			developmentRegion = en;
			hasScannedForEncodings = 0;
			knownRegions = (
				en,
				Base,
			);
			mainGroup = 4635EEA52F7AAC4E0052FC19;
			minimizedProjectReferenceProxies = 1;
			preferredProjectObjectVersion = 77;
			productRefGroup = 4635EEAF2F7AAC4E0052FC19 /* Products */;
			projectDirPath = "";
			projectRoot = "";
			targets = (
				4635EEAD2F7AAC4E0052FC19 /* iOS-Sample-MVVM */,
				4635EEBF2F7AAC4F0052FC19 /* iOS-Sample-MVVMTests */,
			);
		};
/* End PBXProject section */

/* Begin PBXResourcesBuildPhase section */
		4635EEAC2F7AAC4E0052FC19 /* Resources */ = {
			isa = PBXResourcesBuildPhase;
			buildActionMask = 2147483647;
			files = (
			);
			runOnlyForDeploymentPostprocessing = 0;
		};
		4635EEBE2F7AAC4F0052FC19 /* Resources */ = {
			isa = PBXResourcesBuildPhase;
			buildActionMask = 2147483647;
			files = (
			);
			runOnlyForDeploymentPostprocessing = 0;
		};
/* End PBXResourcesBuildPhase section */

/* Begin PBXShellScriptBuildPhase section */
		4635EFDB2F7AD1EF0052FC19 /* SwiftFormat & SwiftLint */ = {
			isa = PBXShellScriptBuildPhase;
			alwaysOutOfDate = 1;
			buildActionMask = 2147483647;
			files = (
			);
			inputFileListPaths = (
			);
			inputPaths = (
			);
			name = "SwiftFormat & SwiftLint";
			outputFileListPaths = (
			);
			outputPaths = (
			);
			runOnlyForDeploymentPostprocessing = 0;
			shellPath = /bin/sh;
			shellScript = "export PATH=\"$PATH:/opt/homebrew/bin\"\n\nswiftformat .\nswiftlint lint --quiet\n";
		};
/* End PBXShellScriptBuildPhase section */

/* Begin PBXSourcesBuildPhase section */
		4635EEAA2F7AAC4E0052FC19 /* Sources */ = {
			isa = PBXSourcesBuildPhase;
			buildActionMask = 2147483647;
			files = (
				4635EF212F7AB8770052FC19 /* GetPokemonFullDetailUseCase.swift in Sources */,
				4635EF672F7ABBB80052FC19 /* iOS_Sample_MVVM.xcdatamodeld in Sources */,
				4635EF082F7AB77A0052FC19 /* PokemonDetailModel.swift in Sources */,
				4635EF132F7AB7A50052FC19 /* GetPokemonSpeciesUseCase.swift in Sources */,
				4635EF0F2F7AB7970052FC19 /* GetPokemonListUseCase.swift in Sources */,
				4635EF312F7AB9070052FC19 /* PokemonSpeciesResponse.swift in Sources */,
				4635EF762F7ABD270052FC19 /* PokemonDetailView.swift in Sources */,
				4635EF772F7ABD270052FC19 /* PokemonDetailViewModel.swift in Sources */,
				4635EF1F2F7AB7CE0052FC19 /* ToggleFavoriteUseCase.swift in Sources */,
				4635EFD02F7ACBDE0052FC19 /* AppLogger.swift in Sources */,
				4635EF3F2F7AB9850052FC19 /* FavoriteMapper.swift in Sources */,
				4635EF2F2F7AB9010052FC19 /* PokemonDetailResponse.swift in Sources */,
				4635EF192F7AB7BC0052FC19 /* SearchPokemonUseCase.swift in Sources */,
				4635EF432F7AB9920052FC19 /* FavoriteRepositoryImpl.swift in Sources */,
				4635EF092F7AB77A0052FC19 /* EvolutionStageModel.swift in Sources */,
				4635EF782F7ABD2C0052FC19 /* PokemonInfoSheet.swift in Sources */,
				4635EF792F7ABD2C0052FC19 /* EvolutionChainView.swift in Sources */,
				4635EF112F7AB79D0052FC19 /* GetPokemonDetailUseCase.swift in Sources */,
				4635EF0A2F7AB77A0052FC19 /* FavoriteModel.swift in Sources */,
				4635EF152F7AB7AB0052FC19 /* GetEvolutionChainUseCase.swift in Sources */,
				4635EF5C2F7ABACD0052FC19 /* LoadingIndicator.swift in Sources */,
				4635EFC32F7ACA220052FC19 /* AppIconButton.swift in Sources */,
				4635EF742F7ABD220052FC19 /* SearchViewModel.swift in Sources */,
				4635EFBF2F7AC9D40052FC19 /* UiStateContent.swift in Sources */,
				4635EF752F7ABD220052FC19 /* SearchView.swift in Sources */,
				4635EFBB2F7AC8C60052FC19 /* Strings.swift in Sources */,
				4635EF722F7ABD1D0052FC19 /* FavoritesViewModel.swift in Sources */,
				4635EFD52F7ACC460052FC19 /* MockScenario.swift in Sources */,
				4635EF812F7ABE3E0052FC19 /* iOS_Sample_MVVMApp.swift in Sources */,
				4635EF732F7ABD1D0052FC19 /* FavoritesView.swift in Sources */,
				4635EF5D2F7ABACD0052FC19 /* PokemonImage.swift in Sources */,
				4635EFB92F7AC8140052FC19 /* LoadAsUiState.swift in Sources */,
				4635EF5E2F7ABACD0052FC19 /* EmptyContent.swift in Sources */,
				4635EF5F2F7ABACD0052FC19 /* PokemonGrid.swift in Sources */,
				4635EFC12F7ACA1B0052FC19 /* PokemonTextComponents.swift in Sources */,
				4635EF602F7ABACD0052FC19 /* SearchTextField.swift in Sources */,
				4635EFCB2F7ACB750052FC19 /* PokemonNameMapper.swift in Sources */,
				4635EF612F7ABACD0052FC19 /* PokemonCard.swift in Sources */,
				4635EF622F7ABACD0052FC19 /* ErrorContent.swift in Sources */,
				4635EF7A2F7ABD300052FC19 /* PokemonListView.swift in Sources */,
				4635EF7B2F7ABD300052FC19 /* PokemonListViewModel.swift in Sources */,
				4635EF7E2F7ABE180052FC19 /* ContentView.swift in Sources */,
				4635EF7F2F7ABE180052FC19 /* DependencyContainer.swift in Sources */,
				4635EFD72F7ACC4D0052FC19 /* MockScenarioSelector.swift in Sources */,
				4635EFD32F7ACC400052FC19 /* MockAPIClient.swift in Sources */,
				4635EF632F7ABACD0052FC19 /* UiState.swift in Sources */,
				4635EF0B2F7AB77A0052FC19 /* AppError.swift in Sources */,
				4635EF0C2F7AB77A0052FC19 /* PokemonSummaryModel.swift in Sources */,
				4635EF332F7AB90D0052FC19 /* EvolutionChainResponse.swift in Sources */,
				4635EF1D2F7AB7C80052FC19 /* GetIsFavoriteUseCase.swift in Sources */,
				4635EF392F7AB9730052FC19 /* PokemonSpeciesMapper.swift in Sources */,
				4635EF172F7AB7B30052FC19 /* GetAbilityJapaneseNameUseCase.swift in Sources */,
				4635EF0D2F7AB77A0052FC19 /* PokemonSpeciesModel.swift in Sources */,
				4635EF3D2F7AB97F0052FC19 /* AbilityMapper.swift in Sources */,
				4635EF352F7AB9130052FC19 /* AbilityResponse.swift in Sources */,
				4635EF232F7AB8810052FC19 /* PokemonFullDetailModel.swift in Sources */,
				4635EF022F7AB7750052FC19 /* PokemonRepositoryProtocol.swift in Sources */,
				4635EF372F7AB96D0052FC19 /* PokemonDetailMapper.swift in Sources */,
				4635EFBD2F7AC99C0052FC19 /* ErrorDialog.swift in Sources */,
				4635EF012F7AB7710052FC19 /* FavoriteRepositoryProtocol.swift in Sources */,
				4635EF2D2F7AB8FA0052FC19 /* PokemonListResponse.swift in Sources */,
				4635EFB62F7AC6A50052FC19 /* RepositoryHandler.swift in Sources */,
				4635EF252F7AB8BD0052FC19 /* PokeAPIClient.swift in Sources */,
				4635EF472F7AB9A00052FC19 /* CoreDataStack.swift in Sources */,
				4635EF452F7AB9990052FC19 /* CacheConfig.swift in Sources */,
				4635EF492F7AB9A60052FC19 /* FavoriteCoreDataStore.swift in Sources */,
				4635EF412F7AB98C0052FC19 /* PokemonRepositoryImpl.swift in Sources */,
				4635EF3B2F7AB9790052FC19 /* EvolutionChainMapper.swift in Sources */,
				4635EF1B2F7AB7C20052FC19 /* GetFavoritesUseCase.swift in Sources */,
			);
			runOnlyForDeploymentPostprocessing = 0;
		};
		4635EEBC2F7AAC4F0052FC19 /* Sources */ = {
			isa = PBXSourcesBuildPhase;
			buildActionMask = 2147483647;
			files = (
				4635EF662F7ABBB80052FC19 /* iOS_Sample_MVVM.xcdatamodeld in Sources */,
			);
			runOnlyForDeploymentPostprocessing = 0;
		};
/* End PBXSourcesBuildPhase section */

/* Begin PBXTargetDependency section */
		4635EEC22F7AAC4F0052FC19 /* PBXTargetDependency */ = {
			isa = PBXTargetDependency;
			target = 4635EEAD2F7AAC4E0052FC19 /* iOS-Sample-MVVM */;
			targetProxy = 4635EEC12F7AAC4F0052FC19 /* PBXContainerItemProxy */;
		};
/* End PBXTargetDependency section */

/* Begin XCBuildConfiguration section */
		4635EED22F7AAC4F0052FC19 /* Debug */ = {
			isa = XCBuildConfiguration;
			buildSettings = {
				ALWAYS_SEARCH_USER_PATHS = NO;
				ASSETCATALOG_COMPILER_GENERATE_SWIFT_ASSET_SYMBOL_EXTENSIONS = YES;
				CLANG_ANALYZER_NONNULL = YES;
				CLANG_ANALYZER_NUMBER_OBJECT_CONVERSION = YES_AGGRESSIVE;
				CLANG_CXX_LANGUAGE_STANDARD = "gnu++20";
				CLANG_ENABLE_MODULES = YES;
				CLANG_ENABLE_OBJC_ARC = YES;
				CLANG_ENABLE_OBJC_WEAK = YES;
				CLANG_WARN_BLOCK_CAPTURE_AUTORELEASING = YES;
				CLANG_WARN_BOOL_CONVERSION = YES;
				CLANG_WARN_COMMA = YES;
				CLANG_WARN_CONSTANT_CONVERSION = YES;
				CLANG_WARN_DEPRECATED_OBJC_IMPLEMENTATIONS = YES;
				CLANG_WARN_DIRECT_OBJC_ISA_USAGE = YES_ERROR;
				CLANG_WARN_DOCUMENTATION_COMMENTS = YES;
				CLANG_WARN_EMPTY_BODY = YES;
				CLANG_WARN_ENUM_CONVERSION = YES;
				CLANG_WARN_INFINITE_RECURSION = YES;
				CLANG_WARN_INT_CONVERSION = YES;
				CLANG_WARN_NON_LITERAL_NULL_CONVERSION = YES;
				CLANG_WARN_OBJC_IMPLICIT_RETAIN_SELF = YES;
				CLANG_WARN_OBJC_LITERAL_CONVERSION = YES;
				CLANG_WARN_OBJC_ROOT_CLASS = YES_ERROR;
				CLANG_WARN_QUOTED_INCLUDE_IN_FRAMEWORK_HEADER = YES;
				CLANG_WARN_RANGE_LOOP_ANALYSIS = YES;
				CLANG_WARN_STRICT_PROTOTYPES = YES;
				CLANG_WARN_SUSPICIOUS_MOVE = YES;
				CLANG_WARN_UNGUARDED_AVAILABILITY = YES_AGGRESSIVE;
				CLANG_WARN_UNREACHABLE_CODE = YES;
				CLANG_WARN__DUPLICATE_METHOD_MATCH = YES;
				COPY_PHASE_STRIP = NO;
				DEBUG_INFORMATION_FORMAT = dwarf;
				DEVELOPMENT_TEAM = 888ADUW3HR;
				ENABLE_STRICT_OBJC_MSGSEND = YES;
				ENABLE_TESTABILITY = YES;
				ENABLE_USER_SCRIPT_SANDBOXING = YES;
				GCC_C_LANGUAGE_STANDARD = gnu17;
				GCC_DYNAMIC_NO_PIC = NO;
				GCC_NO_COMMON_BLOCKS = YES;
				GCC_OPTIMIZATION_LEVEL = 0;
				GCC_PREPROCESSOR_DEFINITIONS = (
					"DEBUG=1",
					"$(inherited)",
				);
				GCC_WARN_64_TO_32_BIT_CONVERSION = YES;
				GCC_WARN_ABOUT_RETURN_TYPE = YES_ERROR;
				GCC_WARN_UNDECLARED_SELECTOR = YES;
				GCC_WARN_UNINITIALIZED_AUTOS = YES_AGGRESSIVE;
				GCC_WARN_UNUSED_FUNCTION = YES;
				GCC_WARN_UNUSED_VARIABLE = YES;
				IPHONEOS_DEPLOYMENT_TARGET = 26.1;
				LOCALIZATION_PREFERS_STRING_CATALOGS = YES;
				MTL_ENABLE_DEBUG_INFO = INCLUDE_SOURCE;
				MTL_FAST_MATH = YES;
				ONLY_ACTIVE_ARCH = YES;
				SDKROOT = iphoneos;
				SWIFT_ACTIVE_COMPILATION_CONDITIONS = "DEBUG $(inherited)";
				SWIFT_OPTIMIZATION_LEVEL = "-Onone";
			};
			name = Debug;
		};
		4635EED32F7AAC4F0052FC19 /* Release */ = {
			isa = XCBuildConfiguration;
			buildSettings = {
				ALWAYS_SEARCH_USER_PATHS = NO;
				ASSETCATALOG_COMPILER_GENERATE_SWIFT_ASSET_SYMBOL_EXTENSIONS = YES;
				CLANG_ANALYZER_NONNULL = YES;
				CLANG_ANALYZER_NUMBER_OBJECT_CONVERSION = YES_AGGRESSIVE;
				CLANG_CXX_LANGUAGE_STANDARD = "gnu++20";
				CLANG_ENABLE_MODULES = YES;
				CLANG_ENABLE_OBJC_ARC = YES;
				CLANG_ENABLE_OBJC_WEAK = YES;
				CLANG_WARN_BLOCK_CAPTURE_AUTORELEASING = YES;
				CLANG_WARN_BOOL_CONVERSION = YES;
				CLANG_WARN_COMMA = YES;
				CLANG_WARN_CONSTANT_CONVERSION = YES;
				CLANG_WARN_DEPRECATED_OBJC_IMPLEMENTATIONS = YES;
				CLANG_WARN_DIRECT_OBJC_ISA_USAGE = YES_ERROR;
				CLANG_WARN_DOCUMENTATION_COMMENTS = YES;
				CLANG_WARN_EMPTY_BODY = YES;
				CLANG_WARN_ENUM_CONVERSION = YES;
				CLANG_WARN_INFINITE_RECURSION = YES;
				CLANG_WARN_INT_CONVERSION = YES;
				CLANG_WARN_NON_LITERAL_NULL_CONVERSION = YES;
				CLANG_WARN_OBJC_IMPLICIT_RETAIN_SELF = YES;
				CLANG_WARN_OBJC_LITERAL_CONVERSION = YES;
				CLANG_WARN_OBJC_ROOT_CLASS = YES_ERROR;
				CLANG_WARN_QUOTED_INCLUDE_IN_FRAMEWORK_HEADER = YES;
				CLANG_WARN_RANGE_LOOP_ANALYSIS = YES;
				CLANG_WARN_STRICT_PROTOTYPES = YES;
				CLANG_WARN_SUSPICIOUS_MOVE = YES;
				CLANG_WARN_UNGUARDED_AVAILABILITY = YES_AGGRESSIVE;
				CLANG_WARN_UNREACHABLE_CODE = YES;
				CLANG_WARN__DUPLICATE_METHOD_MATCH = YES;
				COPY_PHASE_STRIP = NO;
				DEBUG_INFORMATION_FORMAT = "dwarf-with-dsym";
				DEVELOPMENT_TEAM = 888ADUW3HR;
				ENABLE_NS_ASSERTIONS = NO;
				ENABLE_STRICT_OBJC_MSGSEND = YES;
				ENABLE_USER_SCRIPT_SANDBOXING = YES;
				GCC_C_LANGUAGE_STANDARD = gnu17;
				GCC_NO_COMMON_BLOCKS = YES;
				GCC_WARN_64_TO_32_BIT_CONVERSION = YES;
				GCC_WARN_ABOUT_RETURN_TYPE = YES_ERROR;
				GCC_WARN_UNDECLARED_SELECTOR = YES;
				GCC_WARN_UNINITIALIZED_AUTOS = YES_AGGRESSIVE;
				GCC_WARN_UNUSED_FUNCTION = YES;
				GCC_WARN_UNUSED_VARIABLE = YES;
				IPHONEOS_DEPLOYMENT_TARGET = 26.1;
				LOCALIZATION_PREFERS_STRING_CATALOGS = YES;
				MTL_ENABLE_DEBUG_INFO = NO;
				MTL_FAST_MATH = YES;
				SDKROOT = iphoneos;
				SWIFT_COMPILATION_MODE = wholemodule;
				VALIDATE_PRODUCT = YES;
			};
			name = Release;
		};
		4635EED52F7AAC4F0052FC19 /* Debug */ = {
			isa = XCBuildConfiguration;
			buildSettings = {
				ASSETCATALOG_COMPILER_APPICON_NAME = AppIcon;
				ASSETCATALOG_COMPILER_GLOBAL_ACCENT_COLOR_NAME = AccentColor;
				CODE_SIGN_IDENTITY = "Apple Development";
				CODE_SIGN_STYLE = Automatic;
				CURRENT_PROJECT_VERSION = 1;
				DEVELOPMENT_TEAM = FCEN7R47VF;
				ENABLE_PREVIEWS = YES;
				ENABLE_USER_SCRIPT_SANDBOXING = NO;
				GENERATE_INFOPLIST_FILE = YES;
				INFOPLIST_KEY_CFBundleDisplayName = "Pokédex";
				INFOPLIST_KEY_UIApplicationSceneManifest_Generation = YES;
				INFOPLIST_KEY_UIApplicationSupportsIndirectInputEvents = YES;
				INFOPLIST_KEY_UILaunchScreen_Generation = YES;
				INFOPLIST_KEY_UISupportedInterfaceOrientations_iPad = "UIInterfaceOrientationPortrait UIInterfaceOrientationPortraitUpsideDown UIInterfaceOrientationLandscapeLeft UIInterfaceOrientationLandscapeRight";
				INFOPLIST_KEY_UISupportedInterfaceOrientations_iPhone = "UIInterfaceOrientationPortrait UIInterfaceOrientationLandscapeLeft UIInterfaceOrientationLandscapeRight";
				LD_RUNPATH_SEARCH_PATHS = (
					"$(inherited)",
					"@executable_path/Frameworks",
				);
				MARKETING_VERSION = 1.0;
				PRODUCT_BUNDLE_IDENTIFIER = com.yamamuto.iOSSampleMVVM;
				PRODUCT_NAME = "$(TARGET_NAME)";
				PROVISIONING_PROFILE_SPECIFIER = "";
				STRING_CATALOG_GENERATE_SYMBOLS = YES;
				SWIFT_APPROACHABLE_CONCURRENCY = YES;
				SWIFT_DEFAULT_ACTOR_ISOLATION = MainActor;
				SWIFT_EMIT_LOC_STRINGS = YES;
				SWIFT_UPCOMING_FEATURE_MEMBER_IMPORT_VISIBILITY = YES;
				SWIFT_VERSION = 5.0;
				TARGETED_DEVICE_FAMILY = "1,2";
			};
			name = Debug;
		};
		4635EED62F7AAC4F0052FC19 /* Release */ = {
			isa = XCBuildConfiguration;
			buildSettings = {
				ASSETCATALOG_COMPILER_APPICON_NAME = AppIcon;
				ASSETCATALOG_COMPILER_GLOBAL_ACCENT_COLOR_NAME = AccentColor;
				CODE_SIGN_IDENTITY = "Apple Development";
				CODE_SIGN_STYLE = Automatic;
				CURRENT_PROJECT_VERSION = 1;
				DEVELOPMENT_TEAM = FCEN7R47VF;
				ENABLE_PREVIEWS = YES;
				ENABLE_USER_SCRIPT_SANDBOXING = NO;
				GENERATE_INFOPLIST_FILE = YES;
				INFOPLIST_KEY_CFBundleDisplayName = "Pokédex";
				INFOPLIST_KEY_UIApplicationSceneManifest_Generation = YES;
				INFOPLIST_KEY_UIApplicationSupportsIndirectInputEvents = YES;
				INFOPLIST_KEY_UILaunchScreen_Generation = YES;
				INFOPLIST_KEY_UISupportedInterfaceOrientations_iPad = "UIInterfaceOrientationPortrait UIInterfaceOrientationPortraitUpsideDown UIInterfaceOrientationLandscapeLeft UIInterfaceOrientationLandscapeRight";
				INFOPLIST_KEY_UISupportedInterfaceOrientations_iPhone = "UIInterfaceOrientationPortrait UIInterfaceOrientationLandscapeLeft UIInterfaceOrientationLandscapeRight";
				LD_RUNPATH_SEARCH_PATHS = (
					"$(inherited)",
					"@executable_path/Frameworks",
				);
				MARKETING_VERSION = 1.0;
				PRODUCT_BUNDLE_IDENTIFIER = com.yamamuto.iOSSampleMVVM;
				PRODUCT_NAME = "$(TARGET_NAME)";
				PROVISIONING_PROFILE_SPECIFIER = "";
				STRING_CATALOG_GENERATE_SYMBOLS = YES;
				SWIFT_APPROACHABLE_CONCURRENCY = YES;
				SWIFT_DEFAULT_ACTOR_ISOLATION = MainActor;
				SWIFT_EMIT_LOC_STRINGS = YES;
				SWIFT_UPCOMING_FEATURE_MEMBER_IMPORT_VISIBILITY = YES;
				SWIFT_VERSION = 5.0;
				TARGETED_DEVICE_FAMILY = "1,2";
			};
			name = Release;
		};
		4635EED82F7AAC4F0052FC19 /* Debug */ = {
			isa = XCBuildConfiguration;
			buildSettings = {
				BUNDLE_LOADER = "$(TEST_HOST)";
				CODE_SIGN_STYLE = Automatic;
				CURRENT_PROJECT_VERSION = 1;
				DEVELOPMENT_TEAM = 888ADUW3HR;
				GENERATE_INFOPLIST_FILE = YES;
				IPHONEOS_DEPLOYMENT_TARGET = 26.1;
				MARKETING_VERSION = 1.0;
				PRODUCT_BUNDLE_IDENTIFIER = "com.yamamuto.iOS-Sample-MVVMTests";
				PRODUCT_NAME = "$(TARGET_NAME)";
				STRING_CATALOG_GENERATE_SYMBOLS = NO;
				SWIFT_APPROACHABLE_CONCURRENCY = YES;
				SWIFT_EMIT_LOC_STRINGS = NO;
				SWIFT_UPCOMING_FEATURE_MEMBER_IMPORT_VISIBILITY = YES;
				SWIFT_VERSION = 5.0;
				TARGETED_DEVICE_FAMILY = "1,2";
				TEST_HOST = "$(BUILT_PRODUCTS_DIR)/iOS-Sample-MVVM.app/$(BUNDLE_EXECUTABLE_FOLDER_PATH)/iOS-Sample-MVVM";
			};
			name = Debug;
		};
		4635EED92F7AAC4F0052FC19 /* Release */ = {
			isa = XCBuildConfiguration;
			buildSettings = {
				BUNDLE_LOADER = "$(TEST_HOST)";
				CODE_SIGN_STYLE = Automatic;
				CURRENT_PROJECT_VERSION = 1;
				DEVELOPMENT_TEAM = 888ADUW3HR;
				GENERATE_INFOPLIST_FILE = YES;
				IPHONEOS_DEPLOYMENT_TARGET = 26.1;
				MARKETING_VERSION = 1.0;
				PRODUCT_BUNDLE_IDENTIFIER = "com.yamamuto.iOS-Sample-MVVMTests";
				PRODUCT_NAME = "$(TARGET_NAME)";
				STRING_CATALOG_GENERATE_SYMBOLS = NO;
				SWIFT_APPROACHABLE_CONCURRENCY = YES;
				SWIFT_EMIT_LOC_STRINGS = NO;
				SWIFT_UPCOMING_FEATURE_MEMBER_IMPORT_VISIBILITY = YES;
				SWIFT_VERSION = 5.0;
				TARGETED_DEVICE_FAMILY = "1,2";
				TEST_HOST = "$(BUILT_PRODUCTS_DIR)/iOS-Sample-MVVM.app/$(BUNDLE_EXECUTABLE_FOLDER_PATH)/iOS-Sample-MVVM";
			};
			name = Release;
		};
		4635EFD82F7ACF1F0052FC19 /* Debug-Mock */ = {
			isa = XCBuildConfiguration;
			buildSettings = {
				ALWAYS_SEARCH_USER_PATHS = NO;
				ASSETCATALOG_COMPILER_GENERATE_SWIFT_ASSET_SYMBOL_EXTENSIONS = YES;
				CLANG_ANALYZER_NONNULL = YES;
				CLANG_ANALYZER_NUMBER_OBJECT_CONVERSION = YES_AGGRESSIVE;
				CLANG_CXX_LANGUAGE_STANDARD = "gnu++20";
				CLANG_ENABLE_MODULES = YES;
				CLANG_ENABLE_OBJC_ARC = YES;
				CLANG_ENABLE_OBJC_WEAK = YES;
				CLANG_WARN_BLOCK_CAPTURE_AUTORELEASING = YES;
				CLANG_WARN_BOOL_CONVERSION = YES;
				CLANG_WARN_COMMA = YES;
				CLANG_WARN_CONSTANT_CONVERSION = YES;
				CLANG_WARN_DEPRECATED_OBJC_IMPLEMENTATIONS = YES;
				CLANG_WARN_DIRECT_OBJC_ISA_USAGE = YES_ERROR;
				CLANG_WARN_DOCUMENTATION_COMMENTS = YES;
				CLANG_WARN_EMPTY_BODY = YES;
				CLANG_WARN_ENUM_CONVERSION = YES;
				CLANG_WARN_INFINITE_RECURSION = YES;
				CLANG_WARN_INT_CONVERSION = YES;
				CLANG_WARN_NON_LITERAL_NULL_CONVERSION = YES;
				CLANG_WARN_OBJC_IMPLICIT_RETAIN_SELF = YES;
				CLANG_WARN_OBJC_LITERAL_CONVERSION = YES;
				CLANG_WARN_OBJC_ROOT_CLASS = YES_ERROR;
				CLANG_WARN_QUOTED_INCLUDE_IN_FRAMEWORK_HEADER = YES;
				CLANG_WARN_RANGE_LOOP_ANALYSIS = YES;
				CLANG_WARN_STRICT_PROTOTYPES = YES;
				CLANG_WARN_SUSPICIOUS_MOVE = YES;
				CLANG_WARN_UNGUARDED_AVAILABILITY = YES_AGGRESSIVE;
				CLANG_WARN_UNREACHABLE_CODE = YES;
				CLANG_WARN__DUPLICATE_METHOD_MATCH = YES;
				COPY_PHASE_STRIP = NO;
				DEBUG_INFORMATION_FORMAT = dwarf;
				DEVELOPMENT_TEAM = 888ADUW3HR;
				ENABLE_STRICT_OBJC_MSGSEND = YES;
				ENABLE_TESTABILITY = YES;
				ENABLE_USER_SCRIPT_SANDBOXING = YES;
				GCC_C_LANGUAGE_STANDARD = gnu17;
				GCC_DYNAMIC_NO_PIC = NO;
				GCC_NO_COMMON_BLOCKS = YES;
				GCC_OPTIMIZATION_LEVEL = 0;
				GCC_PREPROCESSOR_DEFINITIONS = (
					"DEBUG=1",
					"$(inherited)",
				);
				GCC_WARN_64_TO_32_BIT_CONVERSION = YES;
				GCC_WARN_ABOUT_RETURN_TYPE = YES_ERROR;
				GCC_WARN_UNDECLARED_SELECTOR = YES;
				GCC_WARN_UNINITIALIZED_AUTOS = YES_AGGRESSIVE;
				GCC_WARN_UNUSED_FUNCTION = YES;
				GCC_WARN_UNUSED_VARIABLE = YES;
				IPHONEOS_DEPLOYMENT_TARGET = 26.1;
				LOCALIZATION_PREFERS_STRING_CATALOGS = YES;
				MTL_ENABLE_DEBUG_INFO = INCLUDE_SOURCE;
				MTL_FAST_MATH = YES;
				ONLY_ACTIVE_ARCH = YES;
				SDKROOT = iphoneos;
				SWIFT_ACTIVE_COMPILATION_CONDITIONS = "DEBUG $(inherited) MOCK";
				SWIFT_OPTIMIZATION_LEVEL = "-Onone";
			};
			name = "Debug-Mock";
		};
		4635EFD92F7ACF1F0052FC19 /* Debug-Mock */ = {
			isa = XCBuildConfiguration;
			buildSettings = {
				ASSETCATALOG_COMPILER_APPICON_NAME = AppIcon;
				ASSETCATALOG_COMPILER_GLOBAL_ACCENT_COLOR_NAME = AccentColor;
				CODE_SIGN_IDENTITY = "Apple Development";
				CODE_SIGN_STYLE = Automatic;
				CURRENT_PROJECT_VERSION = 1;
				DEVELOPMENT_TEAM = FCEN7R47VF;
				ENABLE_PREVIEWS = YES;
				ENABLE_USER_SCRIPT_SANDBOXING = NO;
				GENERATE_INFOPLIST_FILE = YES;
				INFOPLIST_KEY_CFBundleDisplayName = "Pokédex";
				INFOPLIST_KEY_UIApplicationSceneManifest_Generation = YES;
				INFOPLIST_KEY_UIApplicationSupportsIndirectInputEvents = YES;
				INFOPLIST_KEY_UILaunchScreen_Generation = YES;
				INFOPLIST_KEY_UISupportedInterfaceOrientations_iPad = "UIInterfaceOrientationPortrait UIInterfaceOrientationPortraitUpsideDown UIInterfaceOrientationLandscapeLeft UIInterfaceOrientationLandscapeRight";
				INFOPLIST_KEY_UISupportedInterfaceOrientations_iPhone = "UIInterfaceOrientationPortrait UIInterfaceOrientationLandscapeLeft UIInterfaceOrientationLandscapeRight";
				LD_RUNPATH_SEARCH_PATHS = (
					"$(inherited)",
					"@executable_path/Frameworks",
				);
				MARKETING_VERSION = 1.0;
				PRODUCT_BUNDLE_IDENTIFIER = com.yamamuto.iOSSampleMVVM;
				PRODUCT_NAME = "$(TARGET_NAME)";
				PROVISIONING_PROFILE_SPECIFIER = "";
				STRING_CATALOG_GENERATE_SYMBOLS = YES;
				SWIFT_APPROACHABLE_CONCURRENCY = YES;
				SWIFT_DEFAULT_ACTOR_ISOLATION = MainActor;
				SWIFT_EMIT_LOC_STRINGS = YES;
				SWIFT_UPCOMING_FEATURE_MEMBER_IMPORT_VISIBILITY = YES;
				SWIFT_VERSION = 5.0;
				TARGETED_DEVICE_FAMILY = "1,2";
			};
			name = "Debug-Mock";
		};
		4635EFDA2F7ACF1F0052FC19 /* Debug-Mock */ = {
			isa = XCBuildConfiguration;
			buildSettings = {
				BUNDLE_LOADER = "$(TEST_HOST)";
				CODE_SIGN_STYLE = Automatic;
				CURRENT_PROJECT_VERSION = 1;
				DEVELOPMENT_TEAM = 888ADUW3HR;
				GENERATE_INFOPLIST_FILE = YES;
				IPHONEOS_DEPLOYMENT_TARGET = 26.1;
				MARKETING_VERSION = 1.0;
				PRODUCT_BUNDLE_IDENTIFIER = "com.yamamuto.iOS-Sample-MVVMTests";
				PRODUCT_NAME = "$(TARGET_NAME)";
				STRING_CATALOG_GENERATE_SYMBOLS = NO;
				SWIFT_APPROACHABLE_CONCURRENCY = YES;
				SWIFT_EMIT_LOC_STRINGS = NO;
				SWIFT_UPCOMING_FEATURE_MEMBER_IMPORT_VISIBILITY = YES;
				SWIFT_VERSION = 5.0;
				TARGETED_DEVICE_FAMILY = "1,2";
				TEST_HOST = "$(BUILT_PRODUCTS_DIR)/iOS-Sample-MVVM.app/$(BUNDLE_EXECUTABLE_FOLDER_PATH)/iOS-Sample-MVVM";
			};
			name = "Debug-Mock";
		};
/* End XCBuildConfiguration section */

/* Begin XCConfigurationList section */
		4635EEA92F7AAC4E0052FC19 /* Build configuration list for PBXProject "iOS-Sample-MVVM" */ = {
			isa = XCConfigurationList;
			buildConfigurations = (
				4635EED22F7AAC4F0052FC19 /* Debug */,
				4635EFD82F7ACF1F0052FC19 /* Debug-Mock */,
				4635EED32F7AAC4F0052FC19 /* Release */,
			);
			defaultConfigurationIsVisible = 0;
			defaultConfigurationName = Release;
		};
		4635EED42F7AAC4F0052FC19 /* Build configuration list for PBXNativeTarget "iOS-Sample-MVVM" */ = {
			isa = XCConfigurationList;
			buildConfigurations = (
				4635EED52F7AAC4F0052FC19 /* Debug */,
				4635EFD92F7ACF1F0052FC19 /* Debug-Mock */,
				4635EED62F7AAC4F0052FC19 /* Release */,
			);
			defaultConfigurationIsVisible = 0;
			defaultConfigurationName = Release;
		};
		4635EED72F7AAC4F0052FC19 /* Build configuration list for PBXNativeTarget "iOS-Sample-MVVMTests" */ = {
			isa = XCConfigurationList;
			buildConfigurations = (
				4635EED82F7AAC4F0052FC19 /* Debug */,
				4635EFDA2F7ACF1F0052FC19 /* Debug-Mock */,
				4635EED92F7AAC4F0052FC19 /* Release */,
			);
			defaultConfigurationIsVisible = 0;
			defaultConfigurationName = Release;
		};
/* End XCConfigurationList section */

/* Begin XCVersionGroup section */
		4635EF642F7ABBB80052FC19 /* iOS_Sample_MVVM.xcdatamodeld */ = {
			isa = XCVersionGroup;
			children = (
				4635EF652F7ABBB80052FC19 /* iOS_Sample_MVVM.xcdatamodel */,
			);
			currentVersion = 4635EF652F7ABBB80052FC19 /* iOS_Sample_MVVM.xcdatamodel */;
			path = iOS_Sample_MVVM.xcdatamodeld;
			sourceTree = "<group>";
			versionGroupType = wrapper.xcdatamodel;
		};
/* End XCVersionGroup section */
	};
	rootObject = 4635EEA62F7AAC4E0052FC19 /* Project object */;
}
